// !$*UTF8*$!
{
	archiveVersion = 1;
	classes = {
	};
	objectVersion = 50;
	objects = {

/* Begin PBXBuildFile section */
		311A05F821493848007EF165 /* AppDelegate.swift in Sources */ = {isa = PBXBuildFile; fileRef = 311A05F721493848007EF165 /* AppDelegate.swift */; };
		311A05FA21493848007EF165 /* ViewController.swift in Sources */ = {isa = PBXBuildFile; fileRef = 311A05F921493848007EF165 /* ViewController.swift */; };
		311A05FD21493848007EF165 /* Main.storyboard in Resources */ = {isa = PBXBuildFile; fileRef = 311A05FB21493848007EF165 /* Main.storyboard */; };
		311A05FF2149384F007EF165 /* Assets.xcassets in Resources */ = {isa = PBXBuildFile; fileRef = 311A05FE2149384F007EF165 /* Assets.xcassets */; };
		311A06022149384F007EF165 /* LaunchScreen.storyboard in Resources */ = {isa = PBXBuildFile; fileRef = 311A06002149384F007EF165 /* LaunchScreen.storyboard */; };
		31EFD61B21493D2A00BA71F4 /* Model.swift in Sources */ = {isa = PBXBuildFile; fileRef = 31EFD61A21493D2A00BA71F4 /* Model.swift */; };
		6E1E3D1770AA546A56F3A833 /* Pods_gitUserBrowser.framework in Frameworks */ = {isa = PBXBuildFile; fileRef = C886C97A2EF2319917850D3F /* Pods_gitUserBrowser.framework */; };
/* End PBXBuildFile section */

/* Begin PBXFileReference section */
		311A05F421493848007EF165 /* gitUserBrowser.app */ = {isa = PBXFileReference; explicitFileType = wrapper.application; includeInIndex = 0; path = gitUserBrowser.app; sourceTree = BUILT_PRODUCTS_DIR; };
		311A05F721493848007EF165 /* AppDelegate.swift */ = {isa = PBXFileReference; lastKnownFileType = sourcecode.swift; path = AppDelegate.swift; sourceTree = "<group>"; };
		311A05F921493848007EF165 /* ViewController.swift */ = {isa = PBXFileReference; lastKnownFileType = sourcecode.swift; path = ViewController.swift; sourceTree = "<group>"; };
		311A05FC21493848007EF165 /* Base */ = {isa = PBXFileReference; lastKnownFileType = file.storyboard; name = Base; path = Base.lproj/Main.storyboard; sourceTree = "<group>"; };
		311A05FE2149384F007EF165 /* Assets.xcassets */ = {isa = PBXFileReference; lastKnownFileType = folder.assetcatalog; path = Assets.xcassets; sourceTree = "<group>"; };
		311A06012149384F007EF165 /* Base */ = {isa = PBXFileReference; lastKnownFileType = file.storyboard; name = Base; path = Base.lproj/LaunchScreen.storyboard; sourceTree = "<group>"; };
		311A06032149384F007EF165 /* Info.plist */ = {isa = PBXFileReference; lastKnownFileType = text.plist.xml; path = Info.plist; sourceTree = "<group>"; };
		31EFD61A21493D2A00BA71F4 /* Model.swift */ = {isa = PBXFileReference; lastKnownFileType = sourcecode.swift; path = Model.swift; sourceTree = "<group>"; };
		90F559E0F42A31AAD9ADA28B /* Pods-gitUserBrowser.debug.xcconfig */ = {isa = PBXFileReference; includeInIndex = 1; lastKnownFileType = text.xcconfig; name = "Pods-gitUserBrowser.debug.xcconfig"; path = "Pods/Target Support Files/Pods-gitUserBrowser/Pods-gitUserBrowser.debug.xcconfig"; sourceTree = "<group>"; };
		C886C97A2EF2319917850D3F /* Pods_gitUserBrowser.framework */ = {isa = PBXFileReference; explicitFileType = wrapper.framework; includeInIndex = 0; path = Pods_gitUserBrowser.framework; sourceTree = BUILT_PRODUCTS_DIR; };
		E4F2F4D7065F84F041F655FE /* Pods-gitUserBrowser.release.xcconfig */ = {isa = PBXFileReference; includeInIndex = 1; lastKnownFileType = text.xcconfig; name = "Pods-gitUserBrowser.release.xcconfig"; path = "Pods/Target Support Files/Pods-gitUserBrowser/Pods-gitUserBrowser.release.xcconfig"; sourceTree = "<group>"; };
/* End PBXFileReference section */

/* Begin PBXFrameworksBuildPhase section */
		311A05F121493848007EF165 /* Frameworks */ = {
			isa = PBXFrameworksBuildPhase;
			buildActionMask = 2147483647;
			files = (
				6E1E3D1770AA546A56F3A833 /* Pods_gitUserBrowser.framework in Frameworks */,
			);
			runOnlyForDeploymentPostprocessing = 0;
		};
/* End PBXFrameworksBuildPhase section */

/* Begin PBXGroup section */
		311A05EB21493848007EF165 = {
			isa = PBXGroup;
			children = (
				311A05F621493848007EF165 /* gitUserBrowser */,
				311A05F521493848007EF165 /* Products */,
				9F96260F768F6E7049A3A1DE /* Pods */,
				CDE50B1362A8B2F3A9E02494 /* Frameworks */,
			);
			sourceTree = "<group>";
		};
		311A05F521493848007EF165 /* Products */ = {
			isa = PBXGroup;
			children = (
				311A05F421493848007EF165 /* gitUserBrowser.app */,
			);
			name = Products;
			sourceTree = "<group>";
		};
		311A05F621493848007EF165 /* gitUserBrowser */ = {
			isa = PBXGroup;
			children = (
				311A05F721493848007EF165 /* AppDelegate.swift */,
				31EFD61A21493D2A00BA71F4 /* Model.swift */,
				311A05F921493848007EF165 /* ViewController.swift */,
				311A05FB21493848007EF165 /* Main.storyboard */,
				311A05FE2149384F007EF165 /* Assets.xcassets */,
				311A06002149384F007EF165 /* LaunchScreen.storyboard */,
				311A06032149384F007EF165 /* Info.plist */,
			);
			path = gitUserBrowser;
			sourceTree = "<group>";
		};
		9F96260F768F6E7049A3A1DE /* Pods */ = {
			isa = PBXGroup;
			children = (
				90F559E0F42A31AAD9ADA28B /* Pods-gitUserBrowser.debug.xcconfig */,
				E4F2F4D7065F84F041F655FE /* Pods-gitUserBrowser.release.xcconfig */,
			);
			name = Pods;
			sourceTree = "<group>";
		};
		CDE50B1362A8B2F3A9E02494 /* Frameworks */ = {
			isa = PBXGroup;
			children = (
				C886C97A2EF2319917850D3F /* Pods_gitUserBrowser.framework */,
			);
			name = Frameworks;
			sourceTree = "<group>";
		};
/* End PBXGroup section */

/* Begin PBXNativeTarget section */
		311A05F321493848007EF165 /* gitUserBrowser */ = {
			isa = PBXNativeTarget;
			buildConfigurationList = 311A06062149384F007EF165 /* Build configuration list for PBXNativeTarget "gitUserBrowser" */;
			buildPhases = (
				F253655C9369F687D3914EED /* [CP] Check Pods Manifest.lock */,
				311A05F021493848007EF165 /* Sources */,
				311A05F121493848007EF165 /* Frameworks */,
				311A05F221493848007EF165 /* Resources */,
				1CD040BEAF7A7173D6B93849 /* [CP] Embed Pods Frameworks */,
			);
			buildRules = (
			);
			dependencies = (
			);
			name = gitUserBrowser;
			productName = gitUserBrowser;
			productReference = 311A05F421493848007EF165 /* gitUserBrowser.app */;
			productType = "com.apple.product-type.application";
		};
/* End PBXNativeTarget section */

/* Begin PBXProject section */
		311A05EC21493848007EF165 /* Project object */ = {
			isa = PBXProject;
			attributes = {
				LastSwiftUpdateCheck = 1000;
				LastUpgradeCheck = 1000;
				ORGANIZATIONNAME = OSX;
				TargetAttributes = {
					311A05F321493848007EF165 = {
						CreatedOnToolsVersion = 10.0;
					};
				};
			};
			buildConfigurationList = 311A05EF21493848007EF165 /* Build configuration list for PBXProject "gitUserBrowser" */;
			compatibilityVersion = "Xcode 9.3";
			developmentRegion = en;
			hasScannedForEncodings = 0;
			knownRegions = (
				en,
				Base,
			);
			mainGroup = 311A05EB21493848007EF165;
			productRefGroup = 311A05F521493848007EF165 /* Products */;
			projectDirPath = "";
			projectRoot = "";
			targets = (
				311A05F321493848007EF165 /* gitUserBrowser */,
			);
		};
/* End PBXProject section */

/* Begin PBXResourcesBuildPhase section */
		311A05F221493848007EF165 /* Resources */ = {
			isa = PBXResourcesBuildPhase;
			buildActionMask = 2147483647;
			files = (
				311A06022149384F007EF165 /* LaunchScreen.storyboard in Resources */,
				311A05FF2149384F007EF165 /* Assets.xcassets in Resources */,
				311A05FD21493848007EF165 /* Main.storyboard in Resources */,
			);
			runOnlyForDeploymentPostprocessing = 0;
		};
/* End PBXResourcesBuildPhase section */

/* Begin PBXShellScriptBuildPhase section */
		1CD040BEAF7A7173D6B93849 /* [CP] Embed Pods Frameworks */ = {
			isa = PBXShellScriptBuildPhase;
			buildActionMask = 2147483647;
			files = (
			);
			inputPaths = (
				"${SRCROOT}/Pods/Target Support Files/Pods-gitUserBrowser/Pods-gitUserBrowser-frameworks.sh",
				"${BUILT_PRODUCTS_DIR}/Alamofire/Alamofire.framework",
				"${BUILT_PRODUCTS_DIR}/SwiftyJSON/SwiftyJSON.framework",
			);
			name = "[CP] Embed Pods Frameworks";
			outputPaths = (
				"${TARGET_BUILD_DIR}/${FRAMEWORKS_FOLDER_PATH}/Alamofire.framework",
				"${TARGET_BUILD_DIR}/${FRAMEWORKS_FOLDER_PATH}/SwiftyJSON.framework",
			);
			runOnlyForDeploymentPostprocessing = 0;
			shellPath = /bin/sh;
			shellScript = "\"${SRCROOT}/Pods/Target Support Files/Pods-gitUserBrowser/Pods-gitUserBrowser-frameworks.sh\"\n";
			showEnvVarsInLog = 0;
		};
		F253655C9369F687D3914EED /* [CP] Check Pods Manifest.lock */ = {
			isa = PBXShellScriptBuildPhase;
			buildActionMask = 2147483647;
			files = (
			);
			inputPaths = (
				"${PODS_PODFILE_DIR_PATH}/Podfile.lock",
				"${PODS_ROOT}/Manifest.lock",
			);
			name = "[CP] Check Pods Manifest.lock";
			outputPaths = (
				"$(DERIVED_FILE_DIR)/Pods-gitUserBrowser-checkManifestLockResult.txt",
			);
			runOnlyForDeploymentPostprocessing = 0;
			shellPath = /bin/sh;
			shellScript = "diff \"${PODS_PODFILE_DIR_PATH}/Podfile.lock\" \"${PODS_ROOT}/Manifest.lock\" > /dev/null\nif [ $? != 0 ] ; then\n    # print error to STDERR\n    echo \"error: The sandbox is not in sync with the Podfile.lock. Run 'pod install' or update your CocoaPods installation.\" >&2\n    exit 1\nfi\n# This output is used by Xcode 'outputs' to avoid re-running this script phase.\necho \"SUCCESS\" > \"${SCRIPT_OUTPUT_FILE_0}\"\n";
			showEnvVarsInLog = 0;
		};
/* End PBXShellScriptBuildPhase section */

/* Begin PBXSourcesBuildPhase section */
		311A05F021493848007EF165 /* Sources */ = {
			isa = PBXSourcesBuildPhase;
			buildActionMask = 2147483647;
			files = (
				31EFD61B21493D2A00BA71F4 /* Model.swift in Sources */,
				311A05FA21493848007EF165 /* ViewController.swift in Sources */,
				311A05F821493848007EF165 /* AppDelegate.swift in Sources */,
			);
			runOnlyForDeploymentPostprocessing = 0;
		};
/* End PBXSourcesBuildPhase section */

/* Begin PBXVariantGroup section */
		311A05FB21493848007EF165 /* Main.storyboard */ = {
			isa = PBXVariantGroup;
			children = (
				311A05FC21493848007EF165 /* Base */,
			);
			name = Main.storyboard;
			sourceTree = "<group>";
		};
		311A06002149384F007EF165 /* LaunchScreen.storyboard */ = {
			isa = PBXVariantGroup;
			children = (
				311A06012149384F007EF165 /* Base */,
			);
			name = LaunchScreen.storyboard;
			sourceTree = "<group>";
		};
/* End PBXVariantGroup section */

/* Begin XCBuildConfiguration section */
		311A06042149384F007EF165 /* Debug */ = {
			isa = XCBuildConfiguration;
			buildSettings = {
				ALWAYS_SEARCH_USER_PATHS = NO;
				CLANG_ANALYZER_NONNULL = YES;
				CLANG_ANALYZER_NUMBER_OBJECT_CONVERSION = YES_AGGRESSIVE;
				CLANG_CXX_LANGUAGE_STANDARD = "gnu++14";
				CLANG_CXX_LIBRARY = "libc++";
				CLANG_ENABLE_MODULES = YES;
				CLANG_ENABLE_OBJC_ARC = YES;
				CLANG_ENABLE_OBJC_WEAK = YES;
				CLANG_WARN_BLOCK_CAPTURE_AUTORELEASING = YES;
				CLANG_WARN_BOOL_CONVERSION = YES;
				CLANG_WARN_COMMA = YES;
				CLANG_WARN_CONSTANT_CONVERSION = YES;
				CLANG_WARN_DEPRECATED_OBJC_IMPLEMENTATIONS = YES;
				CLANG_WARN_DIRECT_OBJC_ISA_USAGE = YES_ERROR;
				CLANG_WARN_DOCUMENTATION_COMMENTS = YES;
				CLANG_WARN_EMPTY_BODY = YES;
				CLANG_WARN_ENUM_CONVERSION = YES;
				CLANG_WARN_INFINITE_RECURSION = YES;
				CLANG_WARN_INT_CONVERSION = YES;
				CLANG_WARN_NON_LITERAL_NULL_CONVERSION = YES;
				CLANG_WARN_OBJC_IMPLICIT_RETAIN_SELF = YES;
				CLANG_WARN_OBJC_LITERAL_CONVERSION = YES;
				CLANG_WARN_OBJC_ROOT_CLASS = YES_ERROR;
				CLANG_WARN_RANGE_LOOP_ANALYSIS = YES;
				CLANG_WARN_STRICT_PROTOTYPES = YES;
				CLANG_WARN_SUSPICIOUS_MOVE = YES;
				CLANG_WARN_UNGUARDED_AVAILABILITY = YES_AGGRESSIVE;
				CLANG_WARN_UNREACHABLE_CODE = YES;
				CLANG_WARN__DUPLICATE_METHOD_MATCH = YES;
				CODE_SIGN_IDENTITY = "iPhone Developer";
				COPY_PHASE_STRIP = NO;
				DEBUG_INFORMATION_FORMAT = dwarf;
				ENABLE_STRICT_OBJC_MSGSEND = YES;
				ENABLE_TESTABILITY = YES;
				GCC_C_LANGUAGE_STANDARD = gnu11;
				GCC_DYNAMIC_NO_PIC = NO;
				GCC_NO_COMMON_BLOCKS = YES;
				GCC_OPTIMIZATION_LEVEL = 0;
				GCC_PREPROCESSOR_DEFINITIONS = (
					"DEBUG=1",
					"$(inherited)",
				);
				GCC_WARN_64_TO_32_BIT_CONVERSION = YES;
				GCC_WARN_ABOUT_RETURN_TYPE = YES_ERROR;
				GCC_WARN_UNDECLARED_SELECTOR = YES;
				GCC_WARN_UNINITIALIZED_AUTOS = YES_AGGRESSIVE;
				GCC_WARN_UNUSED_FUNCTION = YES;
				GCC_WARN_UNUSED_VARIABLE = YES;
				IPHONEOS_DEPLOYMENT_TARGET = 12.0;
				MTL_ENABLE_DEBUG_INFO = INCLUDE_SOURCE;
				MTL_FAST_MATH = YES;
				ONLY_ACTIVE_ARCH = YES;
				SDKROOT = iphoneos;
				SWIFT_ACTIVE_COMPILATION_CONDITIONS = DEBUG;
				SWIFT_OPTIMIZATION_LEVEL = "-Onone";
			};
			name = Debug;
		};
		311A06052149384F007EF165 /* Release */ = {
			isa = XCBuildConfiguration;
			buildSettings = {
				ALWAYS_SEARCH_USER_PATHS = NO;
				CLANG_ANALYZER_NONNULL = YES;
				CLANG_ANALYZER_NUMBER_OBJECT_CONVERSION = YES_AGGRESSIVE;
				CLANG_CXX_LANGUAGE_STANDARD = "gnu++14";
				CLANG_CXX_LIBRARY = "libc++";
				CLANG_ENABLE_MODULES = YES;
				CLANG_ENABLE_OBJC_ARC = YES;
				CLANG_ENABLE_OBJC_WEAK = YES;
				CLANG_WARN_BLOCK_CAPTURE_AUTORELEASING = YES;
				CLANG_WARN_BOOL_CONVERSION = YES;
				CLANG_WARN_COMMA = YES;
				CLANG_WARN_CONSTANT_CONVERSION = YES;
				CLANG_WARN_DEPRECATED_OBJC_IMPLEMENTATIONS = YES;
				CLANG_WARN_DIRECT_OBJC_ISA_USAGE = YES_ERROR;
				CLANG_WARN_DOCUMENTATION_COMMENTS = YES;
				CLANG_WARN_EMPTY_BODY = YES;
				CLANG_WARN_ENUM_CONVERSION = YES;
				CLANG_WARN_INFINITE_RECURSION = YES;
				CLANG_WARN_INT_CONVERSION = YES;
				CLANG_WARN_NON_LITERAL_NULL_CONVERSION = YES;
				CLANG_WARN_OBJC_IMPLICIT_RETAIN_SELF = YES;
				CLANG_WARN_OBJC_LITERAL_CONVERSION = YES;
				CLANG_WARN_OBJC_ROOT_CLASS = YES_ERROR;
				CLANG_WARN_RANGE_LOOP_ANALYSIS = YES;
				CLANG_WARN_STRICT_PROTOTYPES = YES;
				CLANG_WARN_SUSPICIOUS_MOVE = YES;
				CLANG_WARN_UNGUARDED_AVAILABILITY = YES_AGGRESSIVE;
				CLANG_WARN_UNREACHABLE_CODE = YES;
				CLANG_WARN__DUPLICATE_METHOD_MATCH = YES;
				CODE_SIGN_IDENTITY = "iPhone Developer";
				COPY_PHASE_STRIP = NO;
				DEBUG_INFORMATION_FORMAT = "dwarf-with-dsym";
				ENABLE_NS_ASSERTIONS = NO;
				ENABLE_STRICT_OBJC_MSGSEND = YES;
				GCC_C_LANGUAGE_STANDARD = gnu11;
				GCC_NO_COMMON_BLOCKS = YES;
				GCC_WARN_64_TO_32_BIT_CONVERSION = YES;
				GCC_WARN_ABOUT_RETURN_TYPE = YES_ERROR;
				GCC_WARN_UNDECLARED_SELECTOR = YES;
				GCC_WARN_UNINITIALIZED_AUTOS = YES_AGGRESSIVE;
				GCC_WARN_UNUSED_FUNCTION = YES;
				GCC_WARN_UNUSED_VARIABLE = YES;
				IPHONEOS_DEPLOYMENT_TARGET = 12.0;
				MTL_ENABLE_DEBUG_INFO = NO;
				MTL_FAST_MATH = YES;
				SDKROOT = iphoneos;
				SWIFT_COMPILATION_MODE = wholemodule;
				SWIFT_OPTIMIZATION_LEVEL = "-O";
				VALIDATE_PRODUCT = YES;
			};
			name = Release;
		};
		311A06072149384F007EF165 /* Debug */ = {
			isa = XCBuildConfiguration;
			baseConfigurationReference = 90F559E0F42A31AAD9ADA28B /* Pods-gitUserBrowser.debug.xcconfig */;
			buildSettings = {
				ASSETCATALOG_COMPILER_APPICON_NAME = AppIcon;
				CODE_SIGN_STYLE = Automatic;
				DEVELOPMENT_TEAM = 24Y993P9YU;
				INFOPLIST_FILE = gitUserBrowser/Info.plist;
				IPHONEOS_DEPLOYMENT_TARGET = 11.4;
				LD_RUNPATH_SEARCH_PATHS = (
					"$(inherited)",
					"@executable_path/Frameworks",
				);
				PRODUCT_BUNDLE_IDENTIFIER = "danijel-vasov.gitUserBrowser";
				PRODUCT_NAME = "$(TARGET_NAME)";
				SWIFT_VERSION = 4.2;
				TARGETED_DEVICE_FAMILY = "1,2";
			};
			name = Debug;
		};
		311A06082149384F007EF165 /* Release */ = {
			isa = XCBuildConfiguration;
			baseConfigurationReference = E4F2F4D7065F84F041F655FE /* Pods-gitUserBrowser.release.xcconfig */;
			buildSettings = {
				ASSETCATALOG_COMPILER_APPICON_NAME = AppIcon;
				CODE_SIGN_STYLE = Automatic;
				DEVELOPMENT_TEAM = 24Y993P9YU;
				INFOPLIST_FILE = gitUserBrowser/Info.plist;
				IPHONEOS_DEPLOYMENT_TARGET = 11.4;
				LD_RUNPATH_SEARCH_PATHS = (
					"$(inherited)",
					"@executable_path/Frameworks",
				);
				PRODUCT_BUNDLE_IDENTIFIER = "danijel-vasov.gitUserBrowser";
				PRODUCT_NAME = "$(TARGET_NAME)";
				SWIFT_VERSION = 4.2;
				TARGETED_DEVICE_FAMILY = "1,2";
			};
			name = Release;
		};
/* End XCBuildConfiguration section */

/* Begin XCConfigurationList section */
		311A05EF21493848007EF165 /* Build configuration list for PBXProject "gitUserBrowser" */ = {
			isa = XCConfigurationList;
			buildConfigurations = (
				311A06042149384F007EF165 /* Debug */,
				311A06052149384F007EF165 /* Release */,
			);
			defaultConfigurationIsVisible = 0;
			defaultConfigurationName = Release;
		};
		311A06062149384F007EF165 /* Build configuration list for PBXNativeTarget "gitUserBrowser" */ = {
			isa = XCConfigurationList;
			buildConfigurations = (
				311A06072149384F007EF165 /* Debug */,
				311A06082149384F007EF165 /* Release */,
			);
			defaultConfigurationIsVisible = 0;
			defaultConfigurationName = Release;
		};
/* End XCConfigurationList section */
	};
	rootObject = 311A05EC21493848007EF165 /* Project object */;
}
